// !$*UTF8*$!
{
	archiveVersion = 1;
	classes = {
	};
	objectVersion = 56;
	objects = {

/* Begin PBXBuildFile section */
		AD036E1428F339F700F8E1C2 /* AppDelegate.swift in Sources */ = {isa = PBXBuildFile; fileRef = AD036E1328F339F700F8E1C2 /* AppDelegate.swift */; };
		AD036E1628F339F700F8E1C2 /* SceneDelegate.swift in Sources */ = {isa = PBXBuildFile; fileRef = AD036E1528F339F700F8E1C2 /* SceneDelegate.swift */; };
		AD036E1828F339F700F8E1C2 /* MainTabbarController.swift in Sources */ = {isa = PBXBuildFile; fileRef = AD036E1728F339F700F8E1C2 /* MainTabbarController.swift */; };
		AD036E1D28F339F800F8E1C2 /* Assets.xcassets in Resources */ = {isa = PBXBuildFile; fileRef = AD036E1C28F339F800F8E1C2 /* Assets.xcassets */; };
		AD036E2028F339F800F8E1C2 /* LaunchScreen.storyboard in Resources */ = {isa = PBXBuildFile; fileRef = AD036E1E28F339F800F8E1C2 /* LaunchScreen.storyboard */; };
		AD036E2928F3402900F8E1C2 /* HomeViewController.swift in Sources */ = {isa = PBXBuildFile; fileRef = AD036E2828F3402900F8E1C2 /* HomeViewController.swift */; };
		AD036E2B28F3403D00F8E1C2 /* BankViewController.swift in Sources */ = {isa = PBXBuildFile; fileRef = AD036E2A28F3403D00F8E1C2 /* BankViewController.swift */; };
		AD036E2D28F3404900F8E1C2 /* ShoppingViewController.swift in Sources */ = {isa = PBXBuildFile; fileRef = AD036E2C28F3404900F8E1C2 /* ShoppingViewController.swift */; };
/* End PBXBuildFile section */

/* Begin PBXFileReference section */
		AD036E1028F339F700F8E1C2 /* nubank.app */ = {isa = PBXFileReference; explicitFileType = wrapper.application; includeInIndex = 0; path = nubank.app; sourceTree = BUILT_PRODUCTS_DIR; };
		AD036E1328F339F700F8E1C2 /* AppDelegate.swift */ = {isa = PBXFileReference; lastKnownFileType = sourcecode.swift; path = AppDelegate.swift; sourceTree = "<group>"; };
		AD036E1528F339F700F8E1C2 /* SceneDelegate.swift */ = {isa = PBXFileReference; lastKnownFileType = sourcecode.swift; path = SceneDelegate.swift; sourceTree = "<group>"; };
		AD036E1728F339F700F8E1C2 /* MainTabbarController.swift */ = {isa = PBXFileReference; lastKnownFileType = sourcecode.swift; path = MainTabbarController.swift; sourceTree = "<group>"; };
		AD036E1C28F339F800F8E1C2 /* Assets.xcassets */ = {isa = PBXFileReference; lastKnownFileType = folder.assetcatalog; path = Assets.xcassets; sourceTree = "<group>"; };
		AD036E1F28F339F800F8E1C2 /* Base */ = {isa = PBXFileReference; lastKnownFileType = file.storyboard; name = Base; path = Base.lproj/LaunchScreen.storyboard; sourceTree = "<group>"; };
		AD036E2128F339F800F8E1C2 /* Info.plist */ = {isa = PBXFileReference; lastKnownFileType = text.plist.xml; path = Info.plist; sourceTree = "<group>"; };
		AD036E2828F3402900F8E1C2 /* HomeViewController.swift */ = {isa = PBXFileReference; lastKnownFileType = sourcecode.swift; path = HomeViewController.swift; sourceTree = "<group>"; };
		AD036E2A28F3403D00F8E1C2 /* BankViewController.swift */ = {isa = PBXFileReference; lastKnownFileType = sourcecode.swift; path = BankViewController.swift; sourceTree = "<group>"; };
		AD036E2C28F3404900F8E1C2 /* ShoppingViewController.swift */ = {isa = PBXFileReference; lastKnownFileType = sourcecode.swift; path = ShoppingViewController.swift; sourceTree = "<group>"; };
/* End PBXFileReference section */

/* Begin PBXFrameworksBuildPhase section */
		AD036E0D28F339F700F8E1C2 /* Frameworks */ = {
			isa = PBXFrameworksBuildPhase;
			buildActionMask = 2147483647;
			files = (
			);
			runOnlyForDeploymentPostprocessing = 0;
		};
/* End PBXFrameworksBuildPhase section */

/* Begin PBXGroup section */
		AD036E0728F339F600F8E1C2 = {
			isa = PBXGroup;
			children = (
				AD036E1228F339F700F8E1C2 /* nubank */,
				AD036E1128F339F700F8E1C2 /* Products */,
			);
			sourceTree = "<group>";
		};
		AD036E1128F339F700F8E1C2 /* Products */ = {
			isa = PBXGroup;
			children = (
				AD036E1028F339F700F8E1C2 /* nubank.app */,
			);
			name = Products;
			sourceTree = "<group>";
		};
		AD036E1228F339F700F8E1C2 /* nubank */ = {
			isa = PBXGroup;
			children = (
				AD036E2728F33FEC00F8E1C2 /* Controllers */,
				AD036E1328F339F700F8E1C2 /* AppDelegate.swift */,
				AD036E1528F339F700F8E1C2 /* SceneDelegate.swift */,
				AD036E1C28F339F800F8E1C2 /* Assets.xcassets */,
				AD036E1E28F339F800F8E1C2 /* LaunchScreen.storyboard */,
				AD036E2128F339F800F8E1C2 /* Info.plist */,
			);
			path = nubank;
			sourceTree = "<group>";
		};
		AD036E2728F33FEC00F8E1C2 /* Controllers */ = {
			isa = PBXGroup;
			children = (
				AD036E1728F339F700F8E1C2 /* MainTabbarController.swift */,
				AD036E2828F3402900F8E1C2 /* HomeViewController.swift */,
				AD036E2A28F3403D00F8E1C2 /* BankViewController.swift */,
				AD036E2C28F3404900F8E1C2 /* ShoppingViewController.swift */,
			);
			path = Controllers;
			sourceTree = "<group>";
		};
/* End PBXGroup section */

/* Begin PBXNativeTarget section */
		AD036E0F28F339F700F8E1C2 /* nubank */ = {
			isa = PBXNativeTarget;
			buildConfigurationList = AD036E2428F339F800F8E1C2 /* Build configuration list for PBXNativeTarget "nubank" */;
			buildPhases = (
				AD036E0C28F339F700F8E1C2 /* Sources */,
				AD036E0D28F339F700F8E1C2 /* Frameworks */,
				AD036E0E28F339F700F8E1C2 /* Resources */,
			);
			buildRules = (
			);
			dependencies = (
			);
			name = nubank;
			productName = nubank;
			productReference = AD036E1028F339F700F8E1C2 /* nubank.app */;
			productType = "com.apple.product-type.application";
		};
/* End PBXNativeTarget section */

/* Begin PBXProject section */
		AD036E0828F339F700F8E1C2 /* Project object */ = {
			isa = PBXProject;
			attributes = {
				BuildIndependentTargetsInParallel = 1;
				LastSwiftUpdateCheck = 1400;
				LastUpgradeCheck = 1400;
				TargetAttributes = {
					AD036E0F28F339F700F8E1C2 = {
						CreatedOnToolsVersion = 14.0.1;
					};
				};
			};
			buildConfigurationList = AD036E0B28F339F700F8E1C2 /* Build configuration list for PBXProject "nubank" */;
			compatibilityVersion = "Xcode 14.0";
			developmentRegion = en;
			hasScannedForEncodings = 0;
			knownRegions = (
				en,
				Base,
			);
			mainGroup = AD036E0728F339F600F8E1C2;
			productRefGroup = AD036E1128F339F700F8E1C2 /* Products */;
			projectDirPath = "";
			projectRoot = "";
			targets = (
				AD036E0F28F339F700F8E1C2 /* nubank */,
			);
		};
/* End PBXProject section */

/* Begin PBXResourcesBuildPhase section */
		AD036E0E28F339F700F8E1C2 /* Resources */ = {
			isa = PBXResourcesBuildPhase;
			buildActionMask = 2147483647;
			files = (
				AD036E2028F339F800F8E1C2 /* LaunchScreen.storyboard in Resources */,
				AD036E1D28F339F800F8E1C2 /* Assets.xcassets in Resources */,
			);
			runOnlyForDeploymentPostprocessing = 0;
		};
/* End PBXResourcesBuildPhase section */

/* Begin PBXSourcesBuildPhase section */
		AD036E0C28F339F700F8E1C2 /* Sources */ = {
			isa = PBXSourcesBuildPhase;
			buildActionMask = 2147483647;
			files = (
				AD036E1828F339F700F8E1C2 /* MainTabbarController.swift in Sources */,
				AD036E1428F339F700F8E1C2 /* AppDelegate.swift in Sources */,
				AD036E1628F339F700F8E1C2 /* SceneDelegate.swift in Sources */,
				AD036E2B28F3403D00F8E1C2 /* BankViewController.swift in Sources */,
				AD036E2D28F3404900F8E1C2 /* ShoppingViewController.swift in Sources */,
				AD036E2928F3402900F8E1C2 /* HomeViewController.swift in Sources */,
			);
			runOnlyForDeploymentPostprocessing = 0;
		};
/* End PBXSourcesBuildPhase section */

/* Begin PBXVariantGroup section */
		AD036E1E28F339F800F8E1C2 /* LaunchScreen.storyboard */ = {
			isa = PBXVariantGroup;
			children = (
				AD036E1F28F339F800F8E1C2 /* Base */,
			);
			name = LaunchScreen.storyboard;
			sourceTree = "<group>";
		};
/* End PBXVariantGroup section */

/* Begin XCBuildConfiguration section */
		AD036E2228F339F800F8E1C2 /* Debug */ = {
			isa = XCBuildConfiguration;
			buildSettings = {
				ALWAYS_SEARCH_USER_PATHS = NO;
				CLANG_ANALYZER_NONNULL = YES;
				CLANG_ANALYZER_NUMBER_OBJECT_CONVERSION = YES_AGGRESSIVE;
				CLANG_CXX_LANGUAGE_STANDARD = "gnu++20";
				CLANG_ENABLE_MODULES = YES;
				CLANG_ENABLE_OBJC_ARC = YES;
				CLANG_ENABLE_OBJC_WEAK = YES;
				CLANG_WARN_BLOCK_CAPTURE_AUTORELEASING = YES;
				CLANG_WARN_BOOL_CONVERSION = YES;
				CLANG_WARN_COMMA = YES;
				CLANG_WARN_CONSTANT_CONVERSION = YES;
				CLANG_WARN_DEPRECATED_OBJC_IMPLEMENTATIONS = YES;
				CLANG_WARN_DIRECT_OBJC_ISA_USAGE = YES_ERROR;
				CLANG_WARN_DOCUMENTATION_COMMENTS = YES;
				CLANG_WARN_EMPTY_BODY = YES;
				CLANG_WARN_ENUM_CONVERSION = YES;
				CLANG_WARN_INFINITE_RECURSION = YES;
				CLANG_WARN_INT_CONVERSION = YES;
				CLANG_WARN_NON_LITERAL_NULL_CONVERSION = YES;
				CLANG_WARN_OBJC_IMPLICIT_RETAIN_SELF = YES;
				CLANG_WARN_OBJC_LITERAL_CONVERSION = YES;
				CLANG_WARN_OBJC_ROOT_CLASS = YES_ERROR;
				CLANG_WARN_QUOTED_INCLUDE_IN_FRAMEWORK_HEADER = YES;
				CLANG_WARN_RANGE_LOOP_ANALYSIS = YES;
				CLANG_WARN_STRICT_PROTOTYPES = YES;
				CLANG_WARN_SUSPICIOUS_MOVE = YES;
				CLANG_WARN_UNGUARDED_AVAILABILITY = YES_AGGRESSIVE;
				CLANG_WARN_UNREACHABLE_CODE = YES;
				CLANG_WARN__DUPLICATE_METHOD_MATCH = YES;
				COPY_PHASE_STRIP = NO;
				DEBUG_INFORMATION_FORMAT = dwarf;
				ENABLE_STRICT_OBJC_MSGSEND = YES;
				ENABLE_TESTABILITY = YES;
				GCC_C_LANGUAGE_STANDARD = gnu11;
				GCC_DYNAMIC_NO_PIC = NO;
				GCC_NO_COMMON_BLOCKS = YES;
				GCC_OPTIMIZATION_LEVEL = 0;
				GCC_PREPROCESSOR_DEFINITIONS = (
					"DEBUG=1",
					"$(inherited)",
				);
				GCC_WARN_64_TO_32_BIT_CONVERSION = YES;
				GCC_WARN_ABOUT_RETURN_TYPE = YES_ERROR;
				GCC_WARN_UNDECLARED_SELECTOR = YES;
				GCC_WARN_UNINITIALIZED_AUTOS = YES_AGGRESSIVE;
				GCC_WARN_UNUSED_FUNCTION = YES;
				GCC_WARN_UNUSED_VARIABLE = YES;
				IPHONEOS_DEPLOYMENT_TARGET = 16.0;
				MTL_ENABLE_DEBUG_INFO = INCLUDE_SOURCE;
				MTL_FAST_MATH = YES;
				ONLY_ACTIVE_ARCH = YES;
				SDKROOT = iphoneos;
				SWIFT_ACTIVE_COMPILATION_CONDITIONS = DEBUG;
				SWIFT_OPTIMIZATION_LEVEL = "-Onone";
			};
			name = Debug;
		};
		AD036E2328F339F800F8E1C2 /* Release */ = {
			isa = XCBuildConfiguration;
			buildSettings = {
				ALWAYS_SEARCH_USER_PATHS = NO;
				CLANG_ANALYZER_NONNULL = YES;
				CLANG_ANALYZER_NUMBER_OBJECT_CONVERSION = YES_AGGRESSIVE;
				CLANG_CXX_LANGUAGE_STANDARD = "gnu++20";
				CLANG_ENABLE_MODULES = YES;
				CLANG_ENABLE_OBJC_ARC = YES;
				CLANG_ENABLE_OBJC_WEAK = YES;
				CLANG_WARN_BLOCK_CAPTURE_AUTORELEASING = YES;
				CLANG_WARN_BOOL_CONVERSION = YES;
				CLANG_WARN_COMMA = YES;
				CLANG_WARN_CONSTANT_CONVERSION = YES;
				CLANG_WARN_DEPRECATED_OBJC_IMPLEMENTATIONS = YES;
				CLANG_WARN_DIRECT_OBJC_ISA_USAGE = YES_ERROR;
				CLANG_WARN_DOCUMENTATION_COMMENTS = YES;
				CLANG_WARN_EMPTY_BODY = YES;
				CLANG_WARN_ENUM_CONVERSION = YES;
				CLANG_WARN_INFINITE_RECURSION = YES;
				CLANG_WARN_INT_CONVERSION = YES;
				CLANG_WARN_NON_LITERAL_NULL_CONVERSION = YES;
				CLANG_WARN_OBJC_IMPLICIT_RETAIN_SELF = YES;
				CLANG_WARN_OBJC_LITERAL_CONVERSION = YES;
				CLANG_WARN_OBJC_ROOT_CLASS = YES_ERROR;
				CLANG_WARN_QUOTED_INCLUDE_IN_FRAMEWORK_HEADER = YES;
				CLANG_WARN_RANGE_LOOP_ANALYSIS = YES;
				CLANG_WARN_STRICT_PROTOTYPES = YES;
				CLANG_WARN_SUSPICIOUS_MOVE = YES;
				CLANG_WARN_UNGUARDED_AVAILABILITY = YES_AGGRESSIVE;
				CLANG_WARN_UNREACHABLE_CODE = YES;
				CLANG_WARN__DUPLICATE_METHOD_MATCH = YES;
				COPY_PHASE_STRIP = NO;
				DEBUG_INFORMATION_FORMAT = "dwarf-with-dsym";
				ENABLE_NS_ASSERTIONS = NO;
				ENABLE_STRICT_OBJC_MSGSEND = YES;
				GCC_C_LANGUAGE_STANDARD = gnu11;
				GCC_NO_COMMON_BLOCKS = YES;
				GCC_WARN_64_TO_32_BIT_CONVERSION = YES;
				GCC_WARN_ABOUT_RETURN_TYPE = YES_ERROR;
				GCC_WARN_UNDECLARED_SELECTOR = YES;
				GCC_WARN_UNINITIALIZED_AUTOS = YES_AGGRESSIVE;
				GCC_WARN_UNUSED_FUNCTION = YES;
				GCC_WARN_UNUSED_VARIABLE = YES;
				IPHONEOS_DEPLOYMENT_TARGET = 16.0;
				MTL_ENABLE_DEBUG_INFO = NO;
				MTL_FAST_MATH = YES;
				SDKROOT = iphoneos;
				SWIFT_COMPILATION_MODE = wholemodule;
				SWIFT_OPTIMIZATION_LEVEL = "-O";
				VALIDATE_PRODUCT = YES;
			};
			name = Release;
		};
		AD036E2528F339F800F8E1C2 /* Debug */ = {
			isa = XCBuildConfiguration;
			buildSettings = {
				ASSETCATALOG_COMPILER_APPICON_NAME = AppIcon;
				ASSETCATALOG_COMPILER_GLOBAL_ACCENT_COLOR_NAME = AccentColor;
				CODE_SIGN_STYLE = Automatic;
				CURRENT_PROJECT_VERSION = 1;
				GENERATE_INFOPLIST_FILE = YES;
				INFOPLIST_FILE = nubank/Info.plist;
				INFOPLIST_KEY_UIApplicationSupportsIndirectInputEvents = YES;
				INFOPLIST_KEY_UILaunchStoryboardName = LaunchScreen;
				INFOPLIST_KEY_UISupportedInterfaceOrientations_iPad = "UIInterfaceOrientationPortrait UIInterfaceOrientationPortraitUpsideDown UIInterfaceOrientationLandscapeLeft UIInterfaceOrientationLandscapeRight";
				INFOPLIST_KEY_UISupportedInterfaceOrientations_iPhone = "UIInterfaceOrientationPortrait UIInterfaceOrientationLandscapeLeft UIInterfaceOrientationLandscapeRight";
				LD_RUNPATH_SEARCH_PATHS = (
					"$(inherited)",
					"@executable_path/Frameworks",
				);
				MARKETING_VERSION = 1.0;
				PRODUCT_BUNDLE_IDENTIFIER = com.allexis.nubank;
				PRODUCT_NAME = "$(TARGET_NAME)";
				SWIFT_EMIT_LOC_STRINGS = YES;
				SWIFT_VERSION = 5.0;
				TARGETED_DEVICE_FAMILY = "1,2";
			};
			name = Debug;
		};
		AD036E2628F339F800F8E1C2 /* Release */ = {
			isa = XCBuildConfiguration;
			buildSettings = {
				ASSETCATALOG_COMPILER_APPICON_NAME = AppIcon;
				ASSETCATALOG_COMPILER_GLOBAL_ACCENT_COLOR_NAME = AccentColor;
				CODE_SIGN_STYLE = Automatic;
				CURRENT_PROJECT_VERSION = 1;
				GENERATE_INFOPLIST_FILE = YES;
				INFOPLIST_FILE = nubank/Info.plist;
				INFOPLIST_KEY_UIApplicationSupportsIndirectInputEvents = YES;
				INFOPLIST_KEY_UILaunchStoryboardName = LaunchScreen;
				INFOPLIST_KEY_UISupportedInterfaceOrientations_iPad = "UIInterfaceOrientationPortrait UIInterfaceOrientationPortraitUpsideDown UIInterfaceOrientationLandscapeLeft UIInterfaceOrientationLandscapeRight";
				INFOPLIST_KEY_UISupportedInterfaceOrientations_iPhone = "UIInterfaceOrientationPortrait UIInterfaceOrientationLandscapeLeft UIInterfaceOrientationLandscapeRight";
				LD_RUNPATH_SEARCH_PATHS = (
					"$(inherited)",
					"@executable_path/Frameworks",
				);
				MARKETING_VERSION = 1.0;
				PRODUCT_BUNDLE_IDENTIFIER = com.allexis.nubank;
				PRODUCT_NAME = "$(TARGET_NAME)";
				SWIFT_EMIT_LOC_STRINGS = YES;
				SWIFT_VERSION = 5.0;
				TARGETED_DEVICE_FAMILY = "1,2";
			};
			name = Release;
		};
/* End XCBuildConfiguration section */

/* Begin XCConfigurationList section */
		AD036E0B28F339F700F8E1C2 /* Build configuration list for PBXProject "nubank" */ = {
			isa = XCConfigurationList;
			buildConfigurations = (
				AD036E2228F339F800F8E1C2 /* Debug */,
				AD036E2328F339F800F8E1C2 /* Release */,
			);
			defaultConfigurationIsVisible = 0;
			defaultConfigurationName = Release;
		};
		AD036E2428F339F800F8E1C2 /* Build configuration list for PBXNativeTarget "nubank" */ = {
			isa = XCConfigurationList;
			buildConfigurations = (
				AD036E2528F339F800F8E1C2 /* Debug */,
				AD036E2628F339F800F8E1C2 /* Release */,
			);
			defaultConfigurationIsVisible = 0;
			defaultConfigurationName = Release;
		};
/* End XCConfigurationList section */
	};
	rootObject = AD036E0828F339F700F8E1C2 /* Project object */;
}
